
Microsoft Visual Studio Solution File, Format Version 12.00
# Visual Studio 15
VisualStudioVersion = 15.0.28307.168
MinimumVisualStudioVersion = 10.0.40219.1
Project("{FAE04EC0-301F-11D3-BF4B-00C04F79EFBC}") = "ConsoleApp2", "ConsoleApp2\ConsoleApp2.csproj", "{97D06AD9-6187-4AA0-A2CA-E992B1736DCB}"
EndProject
Global
	GlobalSection(SolutionConfigurationPlatforms) = preSolution
		Debug|Any CPU = Debug|Any CPU
		Release|Any CPU = Release|Any CPU
	EndGlobalSection
	GlobalSection(ProjectConfigurationPlatforms) = postSolution
		{97D06AD9-6187-4AA0-A2CA-E992B1736DCB}.Debug|Any CPU.ActiveCfg = Debug|Any CPU
		{97D06AD9-6187-4AA0-A2CA-E992B1736DCB}.Debug|Any CPU.Build.0 = Debug|Any CPU
		{97D06AD9-6187-4AA0-A2CA-E992B1736DCB}.Release|Any CPU.ActiveCfg = Release|Any CPU
		{97D06AD9-6187-4AA0-A2CA-E992B1736DCB}.Release|Any CPU.Build.0 = Release|Any CPU
	EndGlobalSection
	GlobalSection(SolutionProperties) = preSolution
		HideSolutionNode = FALSE
	EndGlobalSection
	GlobalSection(ExtensibilityGlobals) = postSolution
		SolutionGuid = {1DB935D5-51C9-4179-8D73-BFBB169375BA}
	EndGlobalSection
EndGlobal
