
Microsoft Visual Studio Solution File, Format Version 12.00
# Visual Studio 15
VisualStudioVersion = 15.0.28307.168
MinimumVisualStudioVersion = 10.0.40219.1
Project("{9A19103F-16F7-4668-BE54-9A1E7A4F7556}") = "ConsoleApp2", "ConsoleApp2\ConsoleApp2.csproj", "{97D06AD9-6187-4AA0-A2CA-E992B1736DCB}"
EndProject
Project("{9A19103F-16F7-4668-BE54-9A1E7A4F7556}") = "Question_1_3", "Question_1_3\Question_1_3.csproj", "{9F840542-BBCD-4842-8519-82CEEC7E8EF4}"
EndProject
Project("{9A19103F-16F7-4668-BE54-9A1E7A4F7556}") = "Question_1_4", "Question_1_4\Question_1_4.csproj", "{768BC1C1-0186-420D-8E1E-D8D393DF621E}"
EndProject
Project("{FAE04EC0-301F-11D3-BF4B-00C04F79EFBC}") = "Question_1_5", "Question_1_5\Question_1_5.csproj", "{FBCCD6A0-7383-49F2-B159-B9ED38760651}"
EndProject
Project("{FAE04EC0-301F-11D3-BF4B-00C04F79EFBC}") = "Question_1_6", "Question_1_6\Question_1_6.csproj", "{8141077B-68BE-4E02-9CD3-D5E2FAAFB79C}"
EndProject
Project("{FAE04EC0-301F-11D3-BF4B-00C04F79EFBC}") = "Question_1_7", "Question_1_7\Question_1_7.csproj", "{3BD54BDC-4A77-47C4-ABBB-3ACE95582116}"
EndProject
Global
	GlobalSection(SolutionConfigurationPlatforms) = preSolution
		Debug|Any CPU = Debug|Any CPU
		Release|Any CPU = Release|Any CPU
	EndGlobalSection
	GlobalSection(ProjectConfigurationPlatforms) = postSolution
		{97D06AD9-6187-4AA0-A2CA-E992B1736DCB}.Debug|Any CPU.ActiveCfg = Debug|Any CPU
		{97D06AD9-6187-4AA0-A2CA-E992B1736DCB}.Debug|Any CPU.Build.0 = Debug|Any CPU
		{97D06AD9-6187-4AA0-A2CA-E992B1736DCB}.Release|Any CPU.ActiveCfg = Release|Any CPU
		{97D06AD9-6187-4AA0-A2CA-E992B1736DCB}.Release|Any CPU.Build.0 = Release|Any CPU
		{9F840542-BBCD-4842-8519-82CEEC7E8EF4}.Debug|Any CPU.ActiveCfg = Debug|Any CPU
		{9F840542-BBCD-4842-8519-82CEEC7E8EF4}.Debug|Any CPU.Build.0 = Debug|Any CPU
		{9F840542-BBCD-4842-8519-82CEEC7E8EF4}.Release|Any CPU.ActiveCfg = Release|Any CPU
		{9F840542-BBCD-4842-8519-82CEEC7E8EF4}.Release|Any CPU.Build.0 = Release|Any CPU
		{768BC1C1-0186-420D-8E1E-D8D393DF621E}.Debug|Any CPU.ActiveCfg = Debug|Any CPU
		{768BC1C1-0186-420D-8E1E-D8D393DF621E}.Debug|Any CPU.Build.0 = Debug|Any CPU
		{768BC1C1-0186-420D-8E1E-D8D393DF621E}.Release|Any CPU.ActiveCfg = Release|Any CPU
		{768BC1C1-0186-420D-8E1E-D8D393DF621E}.Release|Any CPU.Build.0 = Release|Any CPU
		{FBCCD6A0-7383-49F2-B159-B9ED38760651}.Debug|Any CPU.ActiveCfg = Debug|Any CPU
		{FBCCD6A0-7383-49F2-B159-B9ED38760651}.Debug|Any CPU.Build.0 = Debug|Any CPU
		{FBCCD6A0-7383-49F2-B159-B9ED38760651}.Release|Any CPU.ActiveCfg = Release|Any CPU
		{FBCCD6A0-7383-49F2-B159-B9ED38760651}.Release|Any CPU.Build.0 = Release|Any CPU
		{8141077B-68BE-4E02-9CD3-D5E2FAAFB79C}.Debug|Any CPU.ActiveCfg = Debug|Any CPU
		{8141077B-68BE-4E02-9CD3-D5E2FAAFB79C}.Debug|Any CPU.Build.0 = Debug|Any CPU
		{8141077B-68BE-4E02-9CD3-D5E2FAAFB79C}.Release|Any CPU.ActiveCfg = Release|Any CPU
		{8141077B-68BE-4E02-9CD3-D5E2FAAFB79C}.Release|Any CPU.Build.0 = Release|Any CPU
		{3BD54BDC-4A77-47C4-ABBB-3ACE95582116}.Debug|Any CPU.ActiveCfg = Debug|Any CPU
		{3BD54BDC-4A77-47C4-ABBB-3ACE95582116}.Debug|Any CPU.Build.0 = Debug|Any CPU
		{3BD54BDC-4A77-47C4-ABBB-3ACE95582116}.Release|Any CPU.ActiveCfg = Release|Any CPU
		{3BD54BDC-4A77-47C4-ABBB-3ACE95582116}.Release|Any CPU.Build.0 = Release|Any CPU
	EndGlobalSection
	GlobalSection(SolutionProperties) = preSolution
		HideSolutionNode = FALSE
	EndGlobalSection
	GlobalSection(ExtensibilityGlobals) = postSolution
		SolutionGuid = {1DB935D5-51C9-4179-8D73-BFBB169375BA}
	EndGlobalSection
EndGlobal
