
Microsoft Visual Studio Solution File, Format Version 12.00
# Visual Studio 15
VisualStudioVersion = 15.0.28307.168
MinimumVisualStudioVersion = 10.0.40219.1
Project("{9A19103F-16F7-4668-BE54-9A1E7A4F7556}") = "ConsoleApp2", "ConsoleApp2\ConsoleApp2.csproj", "{97D06AD9-6187-4AA0-A2CA-E992B1736DCB}"
EndProject
Project("{9A19103F-16F7-4668-BE54-9A1E7A4F7556}") = "Question_1_3", "Question_1_3\Question_1_3.csproj", "{9F840542-BBCD-4842-8519-82CEEC7E8EF4}"
EndProject
Project("{9A19103F-16F7-4668-BE54-9A1E7A4F7556}") = "Question_1_4", "Question_1_4\Question_1_4.csproj", "{768BC1C1-0186-420D-8E1E-D8D393DF621E}"
EndProject
Project("{FAE04EC0-301F-11D3-BF4B-00C04F79EFBC}") = "Question_1_5", "Question_1_5\Question_1_5.csproj", "{FBCCD6A0-7383-49F2-B159-B9ED38760651}"
EndProject
Project("{FAE04EC0-301F-11D3-BF4B-00C04F79EFBC}") = "Question_1_6", "Question_1_6\Question_1_6.csproj", "{8141077B-68BE-4E02-9CD3-D5E2FAAFB79C}"
EndProject
Project("{FAE04EC0-301F-11D3-BF4B-00C04F79EFBC}") = "Question_1_7", "Question_1_7\Question_1_7.csproj", "{3BD54BDC-4A77-47C4-ABBB-3ACE95582116}"
EndProject
Project("{FAE04EC0-301F-11D3-BF4B-00C04F79EFBC}") = "Question_2_1", "Question_2_1\Question_2_1.csproj", "{3711DDA4-03FD-48D2-B269-D9E8D78C2587}"
EndProject
Project("{FAE04EC0-301F-11D3-BF4B-00C04F79EFBC}") = "Question_2_1_v2", "Question_2_1_v2\Question_2_1_v2.csproj", "{C9E0081A-C7C6-4521-9E1F-FDABD83C81BB}"
EndProject
Project("{FAE04EC0-301F-11D3-BF4B-00C04F79EFBC}") = "Question_2_2", "Question_2_2\Question_2_2.csproj", "{C8BC05F1-7A96-4E4A-BFBA-0786E5FF1CBF}"
EndProject
Project("{FAE04EC0-301F-11D3-BF4B-00C04F79EFBC}") = "Question_2_3", "Question_2_3\Question_2_3.csproj", "{BB91BFB0-DAB5-4309-BA99-D1459912DB5B}"
EndProject
Project("{FAE04EC0-301F-11D3-BF4B-00C04F79EFBC}") = "Question_2_4", "Question_2_4\Question_2_4.csproj", "{EE68C291-B1FA-41D4-ACC9-36C98374083F}"
EndProject
Project("{FAE04EC0-301F-11D3-BF4B-00C04F79EFBC}") = "Question_2_5", "Question_2_5\Question_2_5.csproj", "{01D030FB-29A2-4D41-9618-D314ADC29B2B}"
EndProject
Project("{FAE04EC0-301F-11D3-BF4B-00C04F79EFBC}") = "Question_2_5_Redo", "Question_2_5_Redo\Question_2_5_Redo.csproj", "{07FF6A31-B724-45AA-82AD-DE45B83052DF}"
EndProject
Project("{FAE04EC0-301F-11D3-BF4B-00C04F79EFBC}") = "Question_2_6", "Question_2_6\Question_2_6.csproj", "{2E0EDE92-64FE-4D9E-84B7-7F75CBB6652E}"
EndProject
Project("{FAE04EC0-301F-11D3-BF4B-00C04F79EFBC}") = "Question_2_7", "Question_2_7\Question_2_7.csproj", "{167E61E8-64E5-4323-BE8A-05C9B7CA0D8F}"
EndProject
Project("{FAE04EC0-301F-11D3-BF4B-00C04F79EFBC}") = "Question_2_8", "Question_2_8\Question_2_8.csproj", "{F1BF3A63-4D45-4325-81CD-B63543A99377}"
EndProject
Project("{FAE04EC0-301F-11D3-BF4B-00C04F79EFBC}") = "Question_3_1", "Question_3_1\Question_3_1.csproj", "{EBA0D682-C20B-4FB5-9E4A-CB44860B0844}"
EndProject
Project("{FAE04EC0-301F-11D3-BF4B-00C04F79EFBC}") = "Question_3_2", "Question_3_2\Question_3_2.csproj", "{9888517B-3FA1-44F4-B601-8696EA2629F7}"
EndProject
Project("{FAE04EC0-301F-11D3-BF4B-00C04F79EFBC}") = "Question_3_3", "Question_3_3\Question_3_3.csproj", "{2EF2A6B6-F470-4013-A681-20D47FFC959D}"
EndProject
Project("{FAE04EC0-301F-11D3-BF4B-00C04F79EFBC}") = "Question_3_4", "Question_3_4\Question_3_4.csproj", "{345382AE-4359-468C-BC20-55FFABDE889E}"
EndProject
Project("{FAE04EC0-301F-11D3-BF4B-00C04F79EFBC}") = "Question_3_5", "Question_3_5\Question_3_5.csproj", "{AFDAB64D-3E7B-4191-8F11-8EE1721B4CCD}"
EndProject
Project("{FAE04EC0-301F-11D3-BF4B-00C04F79EFBC}") = "Question_3_6_Animal_Shelter", "Question_3_6_Animal_Shelter\Question_3_6_Animal_Shelter.csproj", "{AC7B0815-4AD0-46AE-A706-256091C89035}"
EndProject
Project("{FAE04EC0-301F-11D3-BF4B-00C04F79EFBC}") = "Question_4_1", "Question_4_1\Question_4_1.csproj", "{1B0CDDE9-CAC2-4F92-8A7C-298D890A34B2}"
EndProject
Project("{FAE04EC0-301F-11D3-BF4B-00C04F79EFBC}") = "Question_4_2", "Question_4_2\Question_4_2.csproj", "{CE255A72-4B48-494E-9618-9DE8B75773D5}"
EndProject
Global
	GlobalSection(SolutionConfigurationPlatforms) = preSolution
		Debug|Any CPU = Debug|Any CPU
		Release|Any CPU = Release|Any CPU
	EndGlobalSection
	GlobalSection(ProjectConfigurationPlatforms) = postSolution
		{97D06AD9-6187-4AA0-A2CA-E992B1736DCB}.Debug|Any CPU.ActiveCfg = Debug|Any CPU
		{97D06AD9-6187-4AA0-A2CA-E992B1736DCB}.Debug|Any CPU.Build.0 = Debug|Any CPU
		{97D06AD9-6187-4AA0-A2CA-E992B1736DCB}.Release|Any CPU.ActiveCfg = Release|Any CPU
		{97D06AD9-6187-4AA0-A2CA-E992B1736DCB}.Release|Any CPU.Build.0 = Release|Any CPU
		{9F840542-BBCD-4842-8519-82CEEC7E8EF4}.Debug|Any CPU.ActiveCfg = Debug|Any CPU
		{9F840542-BBCD-4842-8519-82CEEC7E8EF4}.Debug|Any CPU.Build.0 = Debug|Any CPU
		{9F840542-BBCD-4842-8519-82CEEC7E8EF4}.Release|Any CPU.ActiveCfg = Release|Any CPU
		{9F840542-BBCD-4842-8519-82CEEC7E8EF4}.Release|Any CPU.Build.0 = Release|Any CPU
		{768BC1C1-0186-420D-8E1E-D8D393DF621E}.Debug|Any CPU.ActiveCfg = Debug|Any CPU
		{768BC1C1-0186-420D-8E1E-D8D393DF621E}.Debug|Any CPU.Build.0 = Debug|Any CPU
		{768BC1C1-0186-420D-8E1E-D8D393DF621E}.Release|Any CPU.ActiveCfg = Release|Any CPU
		{768BC1C1-0186-420D-8E1E-D8D393DF621E}.Release|Any CPU.Build.0 = Release|Any CPU
		{FBCCD6A0-7383-49F2-B159-B9ED38760651}.Debug|Any CPU.ActiveCfg = Debug|Any CPU
		{FBCCD6A0-7383-49F2-B159-B9ED38760651}.Debug|Any CPU.Build.0 = Debug|Any CPU
		{FBCCD6A0-7383-49F2-B159-B9ED38760651}.Release|Any CPU.ActiveCfg = Release|Any CPU
		{FBCCD6A0-7383-49F2-B159-B9ED38760651}.Release|Any CPU.Build.0 = Release|Any CPU
		{8141077B-68BE-4E02-9CD3-D5E2FAAFB79C}.Debug|Any CPU.ActiveCfg = Debug|Any CPU
		{8141077B-68BE-4E02-9CD3-D5E2FAAFB79C}.Debug|Any CPU.Build.0 = Debug|Any CPU
		{8141077B-68BE-4E02-9CD3-D5E2FAAFB79C}.Release|Any CPU.ActiveCfg = Release|Any CPU
		{8141077B-68BE-4E02-9CD3-D5E2FAAFB79C}.Release|Any CPU.Build.0 = Release|Any CPU
		{3BD54BDC-4A77-47C4-ABBB-3ACE95582116}.Debug|Any CPU.ActiveCfg = Debug|Any CPU
		{3BD54BDC-4A77-47C4-ABBB-3ACE95582116}.Debug|Any CPU.Build.0 = Debug|Any CPU
		{3BD54BDC-4A77-47C4-ABBB-3ACE95582116}.Release|Any CPU.ActiveCfg = Release|Any CPU
		{3BD54BDC-4A77-47C4-ABBB-3ACE95582116}.Release|Any CPU.Build.0 = Release|Any CPU
		{3711DDA4-03FD-48D2-B269-D9E8D78C2587}.Debug|Any CPU.ActiveCfg = Debug|Any CPU
		{3711DDA4-03FD-48D2-B269-D9E8D78C2587}.Debug|Any CPU.Build.0 = Debug|Any CPU
		{3711DDA4-03FD-48D2-B269-D9E8D78C2587}.Release|Any CPU.ActiveCfg = Release|Any CPU
		{3711DDA4-03FD-48D2-B269-D9E8D78C2587}.Release|Any CPU.Build.0 = Release|Any CPU
		{C9E0081A-C7C6-4521-9E1F-FDABD83C81BB}.Debug|Any CPU.ActiveCfg = Debug|Any CPU
		{C9E0081A-C7C6-4521-9E1F-FDABD83C81BB}.Debug|Any CPU.Build.0 = Debug|Any CPU
		{C9E0081A-C7C6-4521-9E1F-FDABD83C81BB}.Release|Any CPU.ActiveCfg = Release|Any CPU
		{C9E0081A-C7C6-4521-9E1F-FDABD83C81BB}.Release|Any CPU.Build.0 = Release|Any CPU
		{C8BC05F1-7A96-4E4A-BFBA-0786E5FF1CBF}.Debug|Any CPU.ActiveCfg = Debug|Any CPU
		{C8BC05F1-7A96-4E4A-BFBA-0786E5FF1CBF}.Debug|Any CPU.Build.0 = Debug|Any CPU
		{C8BC05F1-7A96-4E4A-BFBA-0786E5FF1CBF}.Release|Any CPU.ActiveCfg = Release|Any CPU
		{C8BC05F1-7A96-4E4A-BFBA-0786E5FF1CBF}.Release|Any CPU.Build.0 = Release|Any CPU
		{BB91BFB0-DAB5-4309-BA99-D1459912DB5B}.Debug|Any CPU.ActiveCfg = Debug|Any CPU
		{BB91BFB0-DAB5-4309-BA99-D1459912DB5B}.Debug|Any CPU.Build.0 = Debug|Any CPU
		{BB91BFB0-DAB5-4309-BA99-D1459912DB5B}.Release|Any CPU.ActiveCfg = Release|Any CPU
		{BB91BFB0-DAB5-4309-BA99-D1459912DB5B}.Release|Any CPU.Build.0 = Release|Any CPU
		{EE68C291-B1FA-41D4-ACC9-36C98374083F}.Debug|Any CPU.ActiveCfg = Debug|Any CPU
		{EE68C291-B1FA-41D4-ACC9-36C98374083F}.Debug|Any CPU.Build.0 = Debug|Any CPU
		{EE68C291-B1FA-41D4-ACC9-36C98374083F}.Release|Any CPU.ActiveCfg = Release|Any CPU
		{EE68C291-B1FA-41D4-ACC9-36C98374083F}.Release|Any CPU.Build.0 = Release|Any CPU
		{01D030FB-29A2-4D41-9618-D314ADC29B2B}.Debug|Any CPU.ActiveCfg = Debug|Any CPU
		{01D030FB-29A2-4D41-9618-D314ADC29B2B}.Debug|Any CPU.Build.0 = Debug|Any CPU
		{01D030FB-29A2-4D41-9618-D314ADC29B2B}.Release|Any CPU.ActiveCfg = Release|Any CPU
		{01D030FB-29A2-4D41-9618-D314ADC29B2B}.Release|Any CPU.Build.0 = Release|Any CPU
		{07FF6A31-B724-45AA-82AD-DE45B83052DF}.Debug|Any CPU.ActiveCfg = Debug|Any CPU
		{07FF6A31-B724-45AA-82AD-DE45B83052DF}.Debug|Any CPU.Build.0 = Debug|Any CPU
		{07FF6A31-B724-45AA-82AD-DE45B83052DF}.Release|Any CPU.ActiveCfg = Release|Any CPU
		{07FF6A31-B724-45AA-82AD-DE45B83052DF}.Release|Any CPU.Build.0 = Release|Any CPU
		{2E0EDE92-64FE-4D9E-84B7-7F75CBB6652E}.Debug|Any CPU.ActiveCfg = Debug|Any CPU
		{2E0EDE92-64FE-4D9E-84B7-7F75CBB6652E}.Debug|Any CPU.Build.0 = Debug|Any CPU
		{2E0EDE92-64FE-4D9E-84B7-7F75CBB6652E}.Release|Any CPU.ActiveCfg = Release|Any CPU
		{2E0EDE92-64FE-4D9E-84B7-7F75CBB6652E}.Release|Any CPU.Build.0 = Release|Any CPU
		{167E61E8-64E5-4323-BE8A-05C9B7CA0D8F}.Debug|Any CPU.ActiveCfg = Debug|Any CPU
		{167E61E8-64E5-4323-BE8A-05C9B7CA0D8F}.Debug|Any CPU.Build.0 = Debug|Any CPU
		{167E61E8-64E5-4323-BE8A-05C9B7CA0D8F}.Release|Any CPU.ActiveCfg = Release|Any CPU
		{167E61E8-64E5-4323-BE8A-05C9B7CA0D8F}.Release|Any CPU.Build.0 = Release|Any CPU
		{F1BF3A63-4D45-4325-81CD-B63543A99377}.Debug|Any CPU.ActiveCfg = Debug|Any CPU
		{F1BF3A63-4D45-4325-81CD-B63543A99377}.Debug|Any CPU.Build.0 = Debug|Any CPU
		{F1BF3A63-4D45-4325-81CD-B63543A99377}.Release|Any CPU.ActiveCfg = Release|Any CPU
		{F1BF3A63-4D45-4325-81CD-B63543A99377}.Release|Any CPU.Build.0 = Release|Any CPU
		{EBA0D682-C20B-4FB5-9E4A-CB44860B0844}.Debug|Any CPU.ActiveCfg = Debug|Any CPU
		{EBA0D682-C20B-4FB5-9E4A-CB44860B0844}.Debug|Any CPU.Build.0 = Debug|Any CPU
		{EBA0D682-C20B-4FB5-9E4A-CB44860B0844}.Release|Any CPU.ActiveCfg = Release|Any CPU
		{EBA0D682-C20B-4FB5-9E4A-CB44860B0844}.Release|Any CPU.Build.0 = Release|Any CPU
		{9888517B-3FA1-44F4-B601-8696EA2629F7}.Debug|Any CPU.ActiveCfg = Debug|Any CPU
		{9888517B-3FA1-44F4-B601-8696EA2629F7}.Debug|Any CPU.Build.0 = Debug|Any CPU
		{9888517B-3FA1-44F4-B601-8696EA2629F7}.Release|Any CPU.ActiveCfg = Release|Any CPU
		{9888517B-3FA1-44F4-B601-8696EA2629F7}.Release|Any CPU.Build.0 = Release|Any CPU
		{2EF2A6B6-F470-4013-A681-20D47FFC959D}.Debug|Any CPU.ActiveCfg = Debug|Any CPU
		{2EF2A6B6-F470-4013-A681-20D47FFC959D}.Debug|Any CPU.Build.0 = Debug|Any CPU
		{2EF2A6B6-F470-4013-A681-20D47FFC959D}.Release|Any CPU.ActiveCfg = Release|Any CPU
		{2EF2A6B6-F470-4013-A681-20D47FFC959D}.Release|Any CPU.Build.0 = Release|Any CPU
		{345382AE-4359-468C-BC20-55FFABDE889E}.Debug|Any CPU.ActiveCfg = Debug|Any CPU
		{345382AE-4359-468C-BC20-55FFABDE889E}.Debug|Any CPU.Build.0 = Debug|Any CPU
		{345382AE-4359-468C-BC20-55FFABDE889E}.Release|Any CPU.ActiveCfg = Release|Any CPU
		{345382AE-4359-468C-BC20-55FFABDE889E}.Release|Any CPU.Build.0 = Release|Any CPU
		{AFDAB64D-3E7B-4191-8F11-8EE1721B4CCD}.Debug|Any CPU.ActiveCfg = Debug|Any CPU
		{AFDAB64D-3E7B-4191-8F11-8EE1721B4CCD}.Debug|Any CPU.Build.0 = Debug|Any CPU
		{AFDAB64D-3E7B-4191-8F11-8EE1721B4CCD}.Release|Any CPU.ActiveCfg = Release|Any CPU
		{AFDAB64D-3E7B-4191-8F11-8EE1721B4CCD}.Release|Any CPU.Build.0 = Release|Any CPU
		{AC7B0815-4AD0-46AE-A706-256091C89035}.Debug|Any CPU.ActiveCfg = Debug|Any CPU
		{AC7B0815-4AD0-46AE-A706-256091C89035}.Debug|Any CPU.Build.0 = Debug|Any CPU
		{AC7B0815-4AD0-46AE-A706-256091C89035}.Release|Any CPU.ActiveCfg = Release|Any CPU
		{AC7B0815-4AD0-46AE-A706-256091C89035}.Release|Any CPU.Build.0 = Release|Any CPU
		{1B0CDDE9-CAC2-4F92-8A7C-298D890A34B2}.Debug|Any CPU.ActiveCfg = Debug|Any CPU
		{1B0CDDE9-CAC2-4F92-8A7C-298D890A34B2}.Debug|Any CPU.Build.0 = Debug|Any CPU
		{1B0CDDE9-CAC2-4F92-8A7C-298D890A34B2}.Release|Any CPU.ActiveCfg = Release|Any CPU
		{1B0CDDE9-CAC2-4F92-8A7C-298D890A34B2}.Release|Any CPU.Build.0 = Release|Any CPU
		{CE255A72-4B48-494E-9618-9DE8B75773D5}.Debug|Any CPU.ActiveCfg = Debug|Any CPU
		{CE255A72-4B48-494E-9618-9DE8B75773D5}.Debug|Any CPU.Build.0 = Debug|Any CPU
		{CE255A72-4B48-494E-9618-9DE8B75773D5}.Release|Any CPU.ActiveCfg = Release|Any CPU
		{CE255A72-4B48-494E-9618-9DE8B75773D5}.Release|Any CPU.Build.0 = Release|Any CPU
	EndGlobalSection
	GlobalSection(SolutionProperties) = preSolution
		HideSolutionNode = FALSE
	EndGlobalSection
	GlobalSection(ExtensibilityGlobals) = postSolution
		SolutionGuid = {1DB935D5-51C9-4179-8D73-BFBB169375BA}
	EndGlobalSection
EndGlobal
